# THIS IS AN AUTOGENERATED FILE. DO NOT EDIT THIS FILE DIRECTLY.
# yarn lockfile v1


django@^1.0.0:
  version "1.0.0"
  resolved "https://registry.yarnpkg.com/django/-/django-1.0.0.tgz#e90c7b91b8681555317545ba8ea69bc8a0a148c8"
  integrity sha512-PWiLJnnmf+Mghtm1J/YCZMQLM+N8rrz+bBgchOGM9ldJx9IlXM0D8h4u0vfCM85XafEbWAE8JyFbESykgiBhEw==
